// !$*UTF8*$!
{
	archiveVersion = 1;
	classes = {
	};
	objectVersion = 46;
	objects = {

/* Begin PBXBuildFile section */
		1C91A5C109508E6614238AAD /* Pods_Xcuit.framework in Frameworks */ = {isa = PBXBuildFile; fileRef = C235D729ACDD838EE039C09B /* Pods_Xcuit.framework */; };
		1D253B161D300E3C00C80C26 /* LoginViewController.swift in Sources */ = {isa = PBXBuildFile; fileRef = 1D253B151D300E3C00C80C26 /* LoginViewController.swift */; };
		1D45F3FF1D26818B0056F536 /* XcuitUITests_Gherkin.swift in Sources */ = {isa = PBXBuildFile; fileRef = 1D45F3FE1D26818B0056F536 /* XcuitUITests_Gherkin.swift */; };
		1D590D8E1D26AE9500249C90 /* PlayerListStepDefintions.swift in Sources */ = {isa = PBXBuildFile; fileRef = 1D590D8D1D26AE9500249C90 /* PlayerListStepDefintions.swift */; };
		1D9903CE1D22935B00116CA4 /* AppDelegate.swift in Sources */ = {isa = PBXBuildFile; fileRef = 1D9903CD1D22935B00116CA4 /* AppDelegate.swift */; };
		1D9903D21D22935B00116CA4 /* SecondViewController.swift in Sources */ = {isa = PBXBuildFile; fileRef = 1D9903D11D22935B00116CA4 /* SecondViewController.swift */; };
		1D9903D51D22935B00116CA4 /* Main.storyboard in Resources */ = {isa = PBXBuildFile; fileRef = 1D9903D31D22935B00116CA4 /* Main.storyboard */; };
		1D9903D71D22935B00116CA4 /* Assets.xcassets in Resources */ = {isa = PBXBuildFile; fileRef = 1D9903D61D22935B00116CA4 /* Assets.xcassets */; };
		1D9903DA1D22935B00116CA4 /* LaunchScreen.storyboard in Resources */ = {isa = PBXBuildFile; fileRef = 1D9903D81D22935B00116CA4 /* LaunchScreen.storyboard */; };
		1D9903F01D22935B00116CA4 /* XcuitUITests.swift in Sources */ = {isa = PBXBuildFile; fileRef = 1D9903EF1D22935B00116CA4 /* XcuitUITests.swift */; };
		1D9904001D22B68D00116CA4 /* Player.swift in Sources */ = {isa = PBXBuildFile; fileRef = 1D9903FF1D22B68D00116CA4 /* Player.swift */; };
		1D9904081D22B70500116CA4 /* PlayersListViewController.swift in Sources */ = {isa = PBXBuildFile; fileRef = 1D9904071D22B70500116CA4 /* PlayersListViewController.swift */; };
		1D99040B1D22B7B300116CA4 /* PlayerCell.swift in Sources */ = {isa = PBXBuildFile; fileRef = 1D99040A1D22B7B300116CA4 /* PlayerCell.swift */; };
		1D99040D1D22C0DB00116CA4 /* Role.swift in Sources */ = {isa = PBXBuildFile; fileRef = 1D99040C1D22C0DB00116CA4 /* Role.swift */; };
		1D99040F1D22C11900116CA4 /* Lore.swift in Sources */ = {isa = PBXBuildFile; fileRef = 1D99040E1D22C11900116CA4 /* Lore.swift */; };
		1D9904111D22CAD500116CA4 /* PlayerDetailsViewController.swift in Sources */ = {isa = PBXBuildFile; fileRef = 1D9904101D22CAD500116CA4 /* PlayerDetailsViewController.swift */; };
		6B61A3261D22F7AB00F7A107 /* Players.xcassets in Resources */ = {isa = PBXBuildFile; fileRef = 6B61A3251D22F7AB00F7A107 /* Players.xcassets */; };
		6BFA5F881D32AE2C00E99238 /* Utils.swift in Sources */ = {isa = PBXBuildFile; fileRef = 6BFA5F871D32AE2C00E99238 /* Utils.swift */; };
		C37A925028E0D79EF4058D9A /* Pods_XcuitUITests.framework in Frameworks */ = {isa = PBXBuildFile; fileRef = 66E16849533E7365AC65CAC2 /* Pods_XcuitUITests.framework */; };
/* End PBXBuildFile section */

/* Begin PBXContainerItemProxy section */
		1D9903EC1D22935B00116CA4 /* PBXContainerItemProxy */ = {
			isa = PBXContainerItemProxy;
			containerPortal = 1D9903C21D22935B00116CA4 /* Project object */;
			proxyType = 1;
			remoteGlobalIDString = 1D9903C91D22935B00116CA4;
			remoteInfo = Xcuit;
		};
/* End PBXContainerItemProxy section */

/* Begin PBXFileReference section */
		1D253B151D300E3C00C80C26 /* LoginViewController.swift */ = {isa = PBXFileReference; fileEncoding = 4; lastKnownFileType = sourcecode.swift; name = LoginViewController.swift; path = Controller/LoginViewController.swift; sourceTree = "<group>"; };
		1D45F3FE1D26818B0056F536 /* XcuitUITests_Gherkin.swift */ = {isa = PBXFileReference; fileEncoding = 4; lastKnownFileType = sourcecode.swift; path = XcuitUITests_Gherkin.swift; sourceTree = "<group>"; };
		1D590D8D1D26AE9500249C90 /* PlayerListStepDefintions.swift */ = {isa = PBXFileReference; fileEncoding = 4; lastKnownFileType = sourcecode.swift; name = PlayerListStepDefintions.swift; path = StepDefinitions/PlayerListStepDefintions.swift; sourceTree = "<group>"; };
		1D9903CA1D22935B00116CA4 /* Xcuit.app */ = {isa = PBXFileReference; explicitFileType = wrapper.application; includeInIndex = 0; path = Xcuit.app; sourceTree = BUILT_PRODUCTS_DIR; };
		1D9903CD1D22935B00116CA4 /* AppDelegate.swift */ = {isa = PBXFileReference; lastKnownFileType = sourcecode.swift; path = AppDelegate.swift; sourceTree = "<group>"; };
		1D9903D11D22935B00116CA4 /* SecondViewController.swift */ = {isa = PBXFileReference; lastKnownFileType = sourcecode.swift; path = SecondViewController.swift; sourceTree = "<group>"; };
		1D9903D41D22935B00116CA4 /* Base */ = {isa = PBXFileReference; lastKnownFileType = file.storyboard; name = Base; path = Base.lproj/Main.storyboard; sourceTree = "<group>"; };
		1D9903D61D22935B00116CA4 /* Assets.xcassets */ = {isa = PBXFileReference; lastKnownFileType = folder.assetcatalog; path = Assets.xcassets; sourceTree = "<group>"; };
		1D9903D91D22935B00116CA4 /* Base */ = {isa = PBXFileReference; lastKnownFileType = file.storyboard; name = Base; path = Base.lproj/LaunchScreen.storyboard; sourceTree = "<group>"; };
		1D9903DB1D22935B00116CA4 /* Info.plist */ = {isa = PBXFileReference; lastKnownFileType = text.plist.xml; path = Info.plist; sourceTree = "<group>"; };
		1D9903EB1D22935B00116CA4 /* XcuitUITests.xctest */ = {isa = PBXFileReference; explicitFileType = wrapper.cfbundle; includeInIndex = 0; path = XcuitUITests.xctest; sourceTree = BUILT_PRODUCTS_DIR; };
		1D9903EF1D22935B00116CA4 /* XcuitUITests.swift */ = {isa = PBXFileReference; lastKnownFileType = sourcecode.swift; path = XcuitUITests.swift; sourceTree = "<group>"; };
		1D9903F11D22935B00116CA4 /* Info.plist */ = {isa = PBXFileReference; lastKnownFileType = text.plist.xml; path = Info.plist; sourceTree = "<group>"; };
		1D9903FF1D22B68D00116CA4 /* Player.swift */ = {isa = PBXFileReference; fileEncoding = 4; lastKnownFileType = sourcecode.swift; name = Player.swift; path = Model/Player.swift; sourceTree = "<group>"; };
		1D9904071D22B70500116CA4 /* PlayersListViewController.swift */ = {isa = PBXFileReference; fileEncoding = 4; lastKnownFileType = sourcecode.swift; name = PlayersListViewController.swift; path = Controller/PlayersListViewController.swift; sourceTree = "<group>"; };
		1D99040A1D22B7B300116CA4 /* PlayerCell.swift */ = {isa = PBXFileReference; fileEncoding = 4; lastKnownFileType = sourcecode.swift; name = PlayerCell.swift; path = View/PlayerCell.swift; sourceTree = "<group>"; };
		1D99040C1D22C0DB00116CA4 /* Role.swift */ = {isa = PBXFileReference; fileEncoding = 4; lastKnownFileType = sourcecode.swift; name = Role.swift; path = Model/Role.swift; sourceTree = "<group>"; };
		1D99040E1D22C11900116CA4 /* Lore.swift */ = {isa = PBXFileReference; fileEncoding = 4; lastKnownFileType = sourcecode.swift; name = Lore.swift; path = Model/Lore.swift; sourceTree = "<group>"; };
		1D9904101D22CAD500116CA4 /* PlayerDetailsViewController.swift */ = {isa = PBXFileReference; fileEncoding = 4; lastKnownFileType = sourcecode.swift; name = PlayerDetailsViewController.swift; path = Controller/PlayerDetailsViewController.swift; sourceTree = "<group>"; };
		337AEB53494F9A112FCDB47D /* Pods-Xcuit.debug.xcconfig */ = {isa = PBXFileReference; includeInIndex = 1; lastKnownFileType = text.xcconfig; name = "Pods-Xcuit.debug.xcconfig"; path = "Pods/Target Support Files/Pods-Xcuit/Pods-Xcuit.debug.xcconfig"; sourceTree = "<group>"; };
		38605643FCD1B811FB6639C1 /* Pods-XcuitUITests.release.xcconfig */ = {isa = PBXFileReference; includeInIndex = 1; lastKnownFileType = text.xcconfig; name = "Pods-XcuitUITests.release.xcconfig"; path = "Pods/Target Support Files/Pods-XcuitUITests/Pods-XcuitUITests.release.xcconfig"; sourceTree = "<group>"; };
		66E16849533E7365AC65CAC2 /* Pods_XcuitUITests.framework */ = {isa = PBXFileReference; explicitFileType = wrapper.framework; includeInIndex = 0; path = Pods_XcuitUITests.framework; sourceTree = BUILT_PRODUCTS_DIR; };
		6B61A3251D22F7AB00F7A107 /* Players.xcassets */ = {isa = PBXFileReference; lastKnownFileType = folder.assetcatalog; path = Players.xcassets; sourceTree = "<group>"; };
		6BFA5F871D32AE2C00E99238 /* Utils.swift */ = {isa = PBXFileReference; fileEncoding = 4; lastKnownFileType = sourcecode.swift; path = Utils.swift; sourceTree = "<group>"; };
		77A0DDB6B64FE3C6C39FA082 /* Pods_Xcuit_XcuitUITests.framework */ = {isa = PBXFileReference; explicitFileType = wrapper.framework; includeInIndex = 0; path = Pods_Xcuit_XcuitUITests.framework; sourceTree = BUILT_PRODUCTS_DIR; };
		8E23B4E05A8B5CA51D190533 /* Pods-Xcuit.release.xcconfig */ = {isa = PBXFileReference; includeInIndex = 1; lastKnownFileType = text.xcconfig; name = "Pods-Xcuit.release.xcconfig"; path = "Pods/Target Support Files/Pods-Xcuit/Pods-Xcuit.release.xcconfig"; sourceTree = "<group>"; };
		B799E6671653BB77D1B22784 /* Pods-Xcuit-XcuitUITests.release.xcconfig */ = {isa = PBXFileReference; includeInIndex = 1; lastKnownFileType = text.xcconfig; name = "Pods-Xcuit-XcuitUITests.release.xcconfig"; path = "Pods/Target Support Files/Pods-Xcuit-XcuitUITests/Pods-Xcuit-XcuitUITests.release.xcconfig"; sourceTree = "<group>"; };
		C15DEF82B4D270F4894E9287 /* Pods-XcuitUITests.debug.xcconfig */ = {isa = PBXFileReference; includeInIndex = 1; lastKnownFileType = text.xcconfig; name = "Pods-XcuitUITests.debug.xcconfig"; path = "Pods/Target Support Files/Pods-XcuitUITests/Pods-XcuitUITests.debug.xcconfig"; sourceTree = "<group>"; };
		C235D729ACDD838EE039C09B /* Pods_Xcuit.framework */ = {isa = PBXFileReference; explicitFileType = wrapper.framework; includeInIndex = 0; path = Pods_Xcuit.framework; sourceTree = BUILT_PRODUCTS_DIR; };
		FEAD519C42F094F70F04F4C6 /* Pods-Xcuit-XcuitUITests.debug.xcconfig */ = {isa = PBXFileReference; includeInIndex = 1; lastKnownFileType = text.xcconfig; name = "Pods-Xcuit-XcuitUITests.debug.xcconfig"; path = "Pods/Target Support Files/Pods-Xcuit-XcuitUITests/Pods-Xcuit-XcuitUITests.debug.xcconfig"; sourceTree = "<group>"; };
/* End PBXFileReference section */

/* Begin PBXFrameworksBuildPhase section */
		1D9903C71D22935B00116CA4 /* Frameworks */ = {
			isa = PBXFrameworksBuildPhase;
			buildActionMask = 2147483647;
			files = (
				1C91A5C109508E6614238AAD /* Pods_Xcuit.framework in Frameworks */,
			);
			runOnlyForDeploymentPostprocessing = 0;
		};
		1D9903E81D22935B00116CA4 /* Frameworks */ = {
			isa = PBXFrameworksBuildPhase;
			buildActionMask = 2147483647;
			files = (
				C37A925028E0D79EF4058D9A /* Pods_XcuitUITests.framework in Frameworks */,
			);
			runOnlyForDeploymentPostprocessing = 0;
		};
/* End PBXFrameworksBuildPhase section */

/* Begin PBXGroup section */
		1D590D8C1D26AE5800249C90 /* StepDefinitions */ = {
			isa = PBXGroup;
			children = (
				1D590D8D1D26AE9500249C90 /* PlayerListStepDefintions.swift */,
			);
			name = StepDefinitions;
			sourceTree = "<group>";
		};
		1D9903C11D22935B00116CA4 = {
			isa = PBXGroup;
			children = (
				1D9903CC1D22935B00116CA4 /* Xcuit */,
				1D9903EE1D22935B00116CA4 /* XcuitUITests */,
				1D9903CB1D22935B00116CA4 /* Products */,
				2FB33053E985C0AC328EBBCA /* Pods */,
				6DB947BF825F150B0FFBF0FD /* Frameworks */,
			);
			sourceTree = "<group>";
		};
		1D9903CB1D22935B00116CA4 /* Products */ = {
			isa = PBXGroup;
			children = (
				1D9903CA1D22935B00116CA4 /* Xcuit.app */,
				1D9903EB1D22935B00116CA4 /* XcuitUITests.xctest */,
			);
			name = Products;
			sourceTree = "<group>";
		};
		1D9903CC1D22935B00116CA4 /* Xcuit */ = {
			isa = PBXGroup;
			children = (
				1D9903D11D22935B00116CA4 /* SecondViewController.swift */,
				6B61A3241D22EF7F00F7A107 /* Common */,
				1D9904011D22B69200116CA4 /* Model */,
				1D9904091D22B77900116CA4 /* View */,
				1D9904021D22B6B700116CA4 /* Controller */,
			);
			path = Xcuit;
			sourceTree = "<group>";
		};
		1D9903EE1D22935B00116CA4 /* XcuitUITests */ = {
			isa = PBXGroup;
			children = (
				1D9903EF1D22935B00116CA4 /* XcuitUITests.swift */,
				1D45F3FE1D26818B0056F536 /* XcuitUITests_Gherkin.swift */,
				1D590D8C1D26AE5800249C90 /* StepDefinitions */,
				1D9903F11D22935B00116CA4 /* Info.plist */,
			);
			path = XcuitUITests;
			sourceTree = "<group>";
		};
		1D9904011D22B69200116CA4 /* Model */ = {
			isa = PBXGroup;
			children = (
				1D9903FF1D22B68D00116CA4 /* Player.swift */,
				1D99040C1D22C0DB00116CA4 /* Role.swift */,
				1D99040E1D22C11900116CA4 /* Lore.swift */,
			);
			name = Model;
			sourceTree = "<group>";
		};
		1D9904021D22B6B700116CA4 /* Controller */ = {
			isa = PBXGroup;
			children = (
				1D253B151D300E3C00C80C26 /* LoginViewController.swift */,
				1D9904071D22B70500116CA4 /* PlayersListViewController.swift */,
				1D9904101D22CAD500116CA4 /* PlayerDetailsViewController.swift */,
			);
			name = Controller;
			sourceTree = "<group>";
		};
		1D9904091D22B77900116CA4 /* View */ = {
			isa = PBXGroup;
			children = (
				1D99040A1D22B7B300116CA4 /* PlayerCell.swift */,
			);
			name = View;
			sourceTree = "<group>";
		};
		2FB33053E985C0AC328EBBCA /* Pods */ = {
			isa = PBXGroup;
			children = (
				337AEB53494F9A112FCDB47D /* Pods-Xcuit.debug.xcconfig */,
				8E23B4E05A8B5CA51D190533 /* Pods-Xcuit.release.xcconfig */,
				C15DEF82B4D270F4894E9287 /* Pods-XcuitUITests.debug.xcconfig */,
				38605643FCD1B811FB6639C1 /* Pods-XcuitUITests.release.xcconfig */,
				FEAD519C42F094F70F04F4C6 /* Pods-Xcuit-XcuitUITests.debug.xcconfig */,
				B799E6671653BB77D1B22784 /* Pods-Xcuit-XcuitUITests.release.xcconfig */,
			);
			name = Pods;
			sourceTree = "<group>";
		};
		6B61A3241D22EF7F00F7A107 /* Common */ = {
			isa = PBXGroup;
			children = (
				1D9903D81D22935B00116CA4 /* LaunchScreen.storyboard */,
				1D9903D31D22935B00116CA4 /* Main.storyboard */,
				1D9903D61D22935B00116CA4 /* Assets.xcassets */,
				6B61A3251D22F7AB00F7A107 /* Players.xcassets */,
				1D9903CD1D22935B00116CA4 /* AppDelegate.swift */,
				6BFA5F871D32AE2C00E99238 /* Utils.swift */,
				1D9903DB1D22935B00116CA4 /* Info.plist */,
			);
			path = Common;
			sourceTree = "<group>";
		};
		6DB947BF825F150B0FFBF0FD /* Frameworks */ = {
			isa = PBXGroup;
			children = (
				C235D729ACDD838EE039C09B /* Pods_Xcuit.framework */,
				66E16849533E7365AC65CAC2 /* Pods_XcuitUITests.framework */,
				77A0DDB6B64FE3C6C39FA082 /* Pods_Xcuit_XcuitUITests.framework */,
			);
			name = Frameworks;
			sourceTree = "<group>";
		};
/* End PBXGroup section */

/* Begin PBXNativeTarget section */
		1D9903C91D22935B00116CA4 /* Xcuit */ = {
			isa = PBXNativeTarget;
			buildConfigurationList = 1D9903F41D22935B00116CA4 /* Build configuration list for PBXNativeTarget "Xcuit" */;
			buildPhases = (
				BD4CD942E0400C84765A5B07 /* [CP] Check Pods Manifest.lock */,
				1D9903C61D22935B00116CA4 /* Sources */,
				1D9903C71D22935B00116CA4 /* Frameworks */,
				1D9903C81D22935B00116CA4 /* Resources */,
				99D90A34A3086CD0AD2E0A7E /* [CP] Embed Pods Frameworks */,
				8251EEC2D0DC0C67D20B690E /* [CP] Copy Pods Resources */,
			);
			buildRules = (
			);
			dependencies = (
			);
			name = Xcuit;
			productName = Xcuit;
			productReference = 1D9903CA1D22935B00116CA4 /* Xcuit.app */;
			productType = "com.apple.product-type.application";
		};
		1D9903EA1D22935B00116CA4 /* XcuitUITests */ = {
			isa = PBXNativeTarget;
			buildConfigurationList = 1D9903FA1D22935B00116CA4 /* Build configuration list for PBXNativeTarget "XcuitUITests" */;
			buildPhases = (
				A33C9ABED2BD2E9200A87826 /* [CP] Check Pods Manifest.lock */,
				1D9903E71D22935B00116CA4 /* Sources */,
				1D9903E81D22935B00116CA4 /* Frameworks */,
				1D9903E91D22935B00116CA4 /* Resources */,
				56A32EB5EE7B95BE01F3D738 /* [CP] Copy Pods Resources */,
				1D85BB4E1D2A539D00170492 /* ShellScript */,
			);
			buildRules = (
			);
			dependencies = (
				1D9903ED1D22935B00116CA4 /* PBXTargetDependency */,
			);
			name = XcuitUITests;
			productName = XcuitUITests;
			productReference = 1D9903EB1D22935B00116CA4 /* XcuitUITests.xctest */;
			productType = "com.apple.product-type.bundle.ui-testing";
		};
/* End PBXNativeTarget section */

/* Begin PBXProject section */
		1D9903C21D22935B00116CA4 /* Project object */ = {
			isa = PBXProject;
			attributes = {
				LastSwiftUpdateCheck = 0730;
				LastUpgradeCheck = 0730;
				ORGANIZATIONNAME = jgonfer;
				TargetAttributes = {
					1D9903C91D22935B00116CA4 = {
						CreatedOnToolsVersion = 7.3.1;
					};
					1D9903EA1D22935B00116CA4 = {
						CreatedOnToolsVersion = 7.3.1;
						TestTargetID = 1D9903C91D22935B00116CA4;
					};
				};
			};
			buildConfigurationList = 1D9903C51D22935B00116CA4 /* Build configuration list for PBXProject "Xcuit" */;
			compatibilityVersion = "Xcode 3.2";
			developmentRegion = English;
			hasScannedForEncodings = 0;
			knownRegions = (
				en,
				Base,
			);
			mainGroup = 1D9903C11D22935B00116CA4;
			productRefGroup = 1D9903CB1D22935B00116CA4 /* Products */;
			projectDirPath = "";
			projectRoot = "";
			targets = (
				1D9903C91D22935B00116CA4 /* Xcuit */,
				1D9903EA1D22935B00116CA4 /* XcuitUITests */,
			);
		};
/* End PBXProject section */

/* Begin PBXResourcesBuildPhase section */
		1D9903C81D22935B00116CA4 /* Resources */ = {
			isa = PBXResourcesBuildPhase;
			buildActionMask = 2147483647;
			files = (
				6B61A3261D22F7AB00F7A107 /* Players.xcassets in Resources */,
				1D9903DA1D22935B00116CA4 /* LaunchScreen.storyboard in Resources */,
				1D9903D71D22935B00116CA4 /* Assets.xcassets in Resources */,
				1D9903D51D22935B00116CA4 /* Main.storyboard in Resources */,
			);
			runOnlyForDeploymentPostprocessing = 0;
		};
		1D9903E91D22935B00116CA4 /* Resources */ = {
			isa = PBXResourcesBuildPhase;
			buildActionMask = 2147483647;
			files = (
			);
			runOnlyForDeploymentPostprocessing = 0;
		};
/* End PBXResourcesBuildPhase section */

/* Begin PBXShellScriptBuildPhase section */
		1D85BB4E1D2A539D00170492 /* ShellScript */ = {
			isa = PBXShellScriptBuildPhase;
			buildActionMask = 2147483647;
			files = (
			);
			inputPaths = (
			);
			outputPaths = (
			);
			runOnlyForDeploymentPostprocessing = 0;
			shellPath = /bin/sh;
			shellScript = "\"${SRCROOT}/Pods/Target Support Files/Pods-XcuitUITests/Pods-XcuitUITests-frameworks.sh\"";
		};
		56A32EB5EE7B95BE01F3D738 /* [CP] Copy Pods Resources */ = {
			isa = PBXShellScriptBuildPhase;
			buildActionMask = 2147483647;
			files = (
			);
			inputPaths = (
			);
			name = "[CP] Copy Pods Resources";
			outputPaths = (
			);
			runOnlyForDeploymentPostprocessing = 0;
			shellPath = /bin/sh;
			shellScript = "\"${SRCROOT}/Pods/Target Support Files/Pods-XcuitUITests/Pods-XcuitUITests-resources.sh\"\n";
			showEnvVarsInLog = 0;
		};
		8251EEC2D0DC0C67D20B690E /* [CP] Copy Pods Resources */ = {
			isa = PBXShellScriptBuildPhase;
			buildActionMask = 2147483647;
			files = (
			);
			inputPaths = (
			);
			name = "[CP] Copy Pods Resources";
			outputPaths = (
			);
			runOnlyForDeploymentPostprocessing = 0;
			shellPath = /bin/sh;
			shellScript = "\"${SRCROOT}/Pods/Target Support Files/Pods-Xcuit/Pods-Xcuit-resources.sh\"\n";
			showEnvVarsInLog = 0;
		};
		99D90A34A3086CD0AD2E0A7E /* [CP] Embed Pods Frameworks */ = {
			isa = PBXShellScriptBuildPhase;
			buildActionMask = 2147483647;
			files = (
			);
			inputPaths = (
			);
			name = "[CP] Embed Pods Frameworks";
			outputPaths = (
			);
			runOnlyForDeploymentPostprocessing = 0;
			shellPath = /bin/sh;
			shellScript = "\"${SRCROOT}/Pods/Target Support Files/Pods-Xcuit/Pods-Xcuit-frameworks.sh\"\n";
			showEnvVarsInLog = 0;
		};
		A33C9ABED2BD2E9200A87826 /* [CP] Check Pods Manifest.lock */ = {
			isa = PBXShellScriptBuildPhase;
			buildActionMask = 2147483647;
			files = (
			);
			inputPaths = (
			);
			name = "[CP] Check Pods Manifest.lock";
			outputPaths = (
			);
			runOnlyForDeploymentPostprocessing = 0;
			shellPath = /bin/sh;
			shellScript = "diff \"${PODS_ROOT}/../Podfile.lock\" \"${PODS_ROOT}/Manifest.lock\" > /dev/null\nif [[ $? != 0 ]] ; then\n    cat << EOM\nerror: The sandbox is not in sync with the Podfile.lock. Run 'pod install' or update your CocoaPods installation.\nEOM\n    exit 1\nfi\n";
			showEnvVarsInLog = 0;
		};
		BD4CD942E0400C84765A5B07 /* [CP] Check Pods Manifest.lock */ = {
			isa = PBXShellScriptBuildPhase;
			buildActionMask = 2147483647;
			files = (
			);
			inputPaths = (
			);
			name = "[CP] Check Pods Manifest.lock";
			outputPaths = (
			);
			runOnlyForDeploymentPostprocessing = 0;
			shellPath = /bin/sh;
			shellScript = "diff \"${PODS_ROOT}/../Podfile.lock\" \"${PODS_ROOT}/Manifest.lock\" > /dev/null\nif [[ $? != 0 ]] ; then\n    cat << EOM\nerror: The sandbox is not in sync with the Podfile.lock. Run 'pod install' or update your CocoaPods installation.\nEOM\n    exit 1\nfi\n";
			showEnvVarsInLog = 0;
		};
/* End PBXShellScriptBuildPhase section */

/* Begin PBXSourcesBuildPhase section */
		1D9903C61D22935B00116CA4 /* Sources */ = {
			isa = PBXSourcesBuildPhase;
			buildActionMask = 2147483647;
			files = (
				1D253B161D300E3C00C80C26 /* LoginViewController.swift in Sources */,
				1D9904081D22B70500116CA4 /* PlayersListViewController.swift in Sources */,
				1D99040D1D22C0DB00116CA4 /* Role.swift in Sources */,
				1D9903D21D22935B00116CA4 /* SecondViewController.swift in Sources */,
				1D9903CE1D22935B00116CA4 /* AppDelegate.swift in Sources */,
				6BFA5F881D32AE2C00E99238 /* Utils.swift in Sources */,
				1D9904001D22B68D00116CA4 /* Player.swift in Sources */,
				1D9904111D22CAD500116CA4 /* PlayerDetailsViewController.swift in Sources */,
				1D99040B1D22B7B300116CA4 /* PlayerCell.swift in Sources */,
				1D99040F1D22C11900116CA4 /* Lore.swift in Sources */,
			);
			runOnlyForDeploymentPostprocessing = 0;
		};
		1D9903E71D22935B00116CA4 /* Sources */ = {
			isa = PBXSourcesBuildPhase;
			buildActionMask = 2147483647;
			files = (
				1D45F3FF1D26818B0056F536 /* XcuitUITests_Gherkin.swift in Sources */,
				1D9903F01D22935B00116CA4 /* XcuitUITests.swift in Sources */,
				1D590D8E1D26AE9500249C90 /* PlayerListStepDefintions.swift in Sources */,
			);
			runOnlyForDeploymentPostprocessing = 0;
		};
/* End PBXSourcesBuildPhase section */

/* Begin PBXTargetDependency section */
		1D9903ED1D22935B00116CA4 /* PBXTargetDependency */ = {
			isa = PBXTargetDependency;
			target = 1D9903C91D22935B00116CA4 /* Xcuit */;
			targetProxy = 1D9903EC1D22935B00116CA4 /* PBXContainerItemProxy */;
		};
/* End PBXTargetDependency section */

/* Begin PBXVariantGroup section */
		1D9903D31D22935B00116CA4 /* Main.storyboard */ = {
			isa = PBXVariantGroup;
			children = (
				1D9903D41D22935B00116CA4 /* Base */,
			);
			name = Main.storyboard;
			path = ..;
			sourceTree = "<group>";
		};
		1D9903D81D22935B00116CA4 /* LaunchScreen.storyboard */ = {
			isa = PBXVariantGroup;
			children = (
				1D9903D91D22935B00116CA4 /* Base */,
			);
			name = LaunchScreen.storyboard;
			path = ..;
			sourceTree = "<group>";
		};
/* End PBXVariantGroup section */

/* Begin XCBuildConfiguration section */
		1D9903F21D22935B00116CA4 /* Debug */ = {
			isa = XCBuildConfiguration;
			buildSettings = {
				ALWAYS_SEARCH_USER_PATHS = NO;
				CLANG_ANALYZER_NONNULL = YES;
				CLANG_CXX_LANGUAGE_STANDARD = "gnu++0x";
				CLANG_CXX_LIBRARY = "libc++";
				CLANG_ENABLE_MODULES = YES;
				CLANG_ENABLE_OBJC_ARC = YES;
				CLANG_WARN_BOOL_CONVERSION = YES;
				CLANG_WARN_CONSTANT_CONVERSION = YES;
				CLANG_WARN_DIRECT_OBJC_ISA_USAGE = YES_ERROR;
				CLANG_WARN_EMPTY_BODY = YES;
				CLANG_WARN_ENUM_CONVERSION = YES;
				CLANG_WARN_INT_CONVERSION = YES;
				CLANG_WARN_OBJC_ROOT_CLASS = YES_ERROR;
				CLANG_WARN_UNREACHABLE_CODE = YES;
				CLANG_WARN__DUPLICATE_METHOD_MATCH = YES;
				"CODE_SIGN_IDENTITY[sdk=iphoneos*]" = "iPhone Developer";
				COPY_PHASE_STRIP = NO;
				DEBUG_INFORMATION_FORMAT = dwarf;
				ENABLE_STRICT_OBJC_MSGSEND = YES;
				ENABLE_TESTABILITY = YES;
				GCC_C_LANGUAGE_STANDARD = gnu99;
				GCC_DYNAMIC_NO_PIC = NO;
				GCC_NO_COMMON_BLOCKS = YES;
				GCC_OPTIMIZATION_LEVEL = 0;
				GCC_PREPROCESSOR_DEFINITIONS = (
					"DEBUG=1",
					"$(inherited)",
				);
				GCC_WARN_64_TO_32_BIT_CONVERSION = YES;
				GCC_WARN_ABOUT_RETURN_TYPE = YES_ERROR;
				GCC_WARN_UNDECLARED_SELECTOR = YES;
				GCC_WARN_UNINITIALIZED_AUTOS = YES_AGGRESSIVE;
				GCC_WARN_UNUSED_FUNCTION = YES;
				GCC_WARN_UNUSED_VARIABLE = YES;
				IPHONEOS_DEPLOYMENT_TARGET = 9.3;
				MTL_ENABLE_DEBUG_INFO = YES;
				ONLY_ACTIVE_ARCH = YES;
				SDKROOT = iphoneos;
				SWIFT_OPTIMIZATION_LEVEL = "-Onone";
				TARGETED_DEVICE_FAMILY = "1,2";
			};
			name = Debug;
		};
		1D9903F31D22935B00116CA4 /* Release */ = {
			isa = XCBuildConfiguration;
			buildSettings = {
				ALWAYS_SEARCH_USER_PATHS = NO;
				CLANG_ANALYZER_NONNULL = YES;
				CLANG_CXX_LANGUAGE_STANDARD = "gnu++0x";
				CLANG_CXX_LIBRARY = "libc++";
				CLANG_ENABLE_MODULES = YES;
				CLANG_ENABLE_OBJC_ARC = YES;
				CLANG_WARN_BOOL_CONVERSION = YES;
				CLANG_WARN_CONSTANT_CONVERSION = YES;
				CLANG_WARN_DIRECT_OBJC_ISA_USAGE = YES_ERROR;
				CLANG_WARN_EMPTY_BODY = YES;
				CLANG_WARN_ENUM_CONVERSION = YES;
				CLANG_WARN_INT_CONVERSION = YES;
				CLANG_WARN_OBJC_ROOT_CLASS = YES_ERROR;
				CLANG_WARN_UNREACHABLE_CODE = YES;
				CLANG_WARN__DUPLICATE_METHOD_MATCH = YES;
				"CODE_SIGN_IDENTITY[sdk=iphoneos*]" = "iPhone Developer";
				COPY_PHASE_STRIP = NO;
				DEBUG_INFORMATION_FORMAT = "dwarf-with-dsym";
				ENABLE_NS_ASSERTIONS = NO;
				ENABLE_STRICT_OBJC_MSGSEND = YES;
				GCC_C_LANGUAGE_STANDARD = gnu99;
				GCC_NO_COMMON_BLOCKS = YES;
				GCC_WARN_64_TO_32_BIT_CONVERSION = YES;
				GCC_WARN_ABOUT_RETURN_TYPE = YES_ERROR;
				GCC_WARN_UNDECLARED_SELECTOR = YES;
				GCC_WARN_UNINITIALIZED_AUTOS = YES_AGGRESSIVE;
				GCC_WARN_UNUSED_FUNCTION = YES;
				GCC_WARN_UNUSED_VARIABLE = YES;
				IPHONEOS_DEPLOYMENT_TARGET = 9.3;
				MTL_ENABLE_DEBUG_INFO = NO;
				SDKROOT = iphoneos;
				TARGETED_DEVICE_FAMILY = "1,2";
				VALIDATE_PRODUCT = YES;
			};
			name = Release;
		};
		1D9903F51D22935B00116CA4 /* Debug */ = {
			isa = XCBuildConfiguration;
			baseConfigurationReference = 337AEB53494F9A112FCDB47D /* Pods-Xcuit.debug.xcconfig */;
			buildSettings = {
				ASSETCATALOG_COMPILER_APPICON_NAME = AppIcon;
				INFOPLIST_FILE = "$(SRCROOT)/Xcuit/Common/Info.plist";
				IPHONEOS_DEPLOYMENT_TARGET = 9.0;
				LD_RUNPATH_SEARCH_PATHS = "$(inherited) @executable_path/Frameworks";
				OTHER_LDFLAGS = "$(inherited)";
				PRODUCT_BUNDLE_IDENTIFIER = com.jgonfer.Xcuit;
				PRODUCT_NAME = "$(TARGET_NAME)";
			};
			name = Debug;
		};
		1D9903F61D22935B00116CA4 /* Release */ = {
			isa = XCBuildConfiguration;
			baseConfigurationReference = 8E23B4E05A8B5CA51D190533 /* Pods-Xcuit.release.xcconfig */;
			buildSettings = {
				ASSETCATALOG_COMPILER_APPICON_NAME = AppIcon;
				INFOPLIST_FILE = "$(SRCROOT)/Xcuit/Common/Info.plist";
				IPHONEOS_DEPLOYMENT_TARGET = 9.0;
				LD_RUNPATH_SEARCH_PATHS = "$(inherited) @executable_path/Frameworks";
				OTHER_LDFLAGS = "$(inherited)";
				PRODUCT_BUNDLE_IDENTIFIER = com.jgonfer.Xcuit;
				PRODUCT_NAME = "$(TARGET_NAME)";
			};
			name = Release;
		};
		1D9903FB1D22935B00116CA4 /* Debug */ = {
			isa = XCBuildConfiguration;
			baseConfigurationReference = C15DEF82B4D270F4894E9287 /* Pods-XcuitUITests.debug.xcconfig */;
			buildSettings = {
				FRAMEWORK_SEARCH_PATHS = (
					"$(inherited)",
					"\"$PODS_CONFIGURATION_BUILD_DIR/\"",
				);
				INFOPLIST_FILE = XcuitUITests/Info.plist;
				LD_RUNPATH_SEARCH_PATHS = "$(inherited) @executable_path/Frameworks @loader_path/Frameworks";
				OTHER_LDFLAGS = "$(inherited)";
				PRODUCT_BUNDLE_IDENTIFIER = com.jgonfer.XcuitUITests;
				PRODUCT_NAME = "$(TARGET_NAME)";
				TEST_TARGET_NAME = Xcuit;
			};
			name = Debug;
		};
		1D9903FC1D22935B00116CA4 /* Release */ = {
			isa = XCBuildConfiguration;
			baseConfigurationReference = 38605643FCD1B811FB6639C1 /* Pods-XcuitUITests.release.xcconfig */;
			buildSettings = {
				FRAMEWORK_SEARCH_PATHS = (
					"$(inherited)",
					"\"$PODS_CONFIGURATION_BUILD_DIR/\"",
				);
				INFOPLIST_FILE = XcuitUITests/Info.plist;
				LD_RUNPATH_SEARCH_PATHS = "$(inherited) @executable_path/Frameworks @loader_path/Frameworks";
				OTHER_LDFLAGS = "$(inherited)";
				PRODUCT_BUNDLE_IDENTIFIER = com.jgonfer.XcuitUITests;
				PRODUCT_NAME = "$(TARGET_NAME)";
				TEST_TARGET_NAME = Xcuit;
			};
			name = Release;
		};
/* End XCBuildConfiguration section */

/* Begin XCConfigurationList section */
		1D9903C51D22935B00116CA4 /* Build configuration list for PBXProject "Xcuit" */ = {
			isa = XCConfigurationList;
			buildConfigurations = (
				1D9903F21D22935B00116CA4 /* Debug */,
				1D9903F31D22935B00116CA4 /* Release */,
			);
			defaultConfigurationIsVisible = 0;
			defaultConfigurationName = Release;
		};
		1D9903F41D22935B00116CA4 /* Build configuration list for PBXNativeTarget "Xcuit" */ = {
			isa = XCConfigurationList;
			buildConfigurations = (
				1D9903F51D22935B00116CA4 /* Debug */,
				1D9903F61D22935B00116CA4 /* Release */,
			);
			defaultConfigurationIsVisible = 0;
			defaultConfigurationName = Release;
		};
		1D9903FA1D22935B00116CA4 /* Build configuration list for PBXNativeTarget "XcuitUITests" */ = {
			isa = XCConfigurationList;
			buildConfigurations = (
				1D9903FB1D22935B00116CA4 /* Debug */,
				1D9903FC1D22935B00116CA4 /* Release */,
			);
			defaultConfigurationIsVisible = 0;
			defaultConfigurationName = Release;
		};
/* End XCConfigurationList section */
	};
	rootObject = 1D9903C21D22935B00116CA4 /* Project object */;
}
